// !$*UTF8*$!
{
	archiveVersion = 1;
	classes = {
	};
	objectVersion = 46;
	objects = {

/* Begin PBXBuildFile section */
		4BFD47251DB5BA3D00F6D08E /* AppDelegate.swift in Sources */ = {isa = PBXBuildFile; fileRef = 4BFD47241DB5BA3D00F6D08E /* AppDelegate.swift */; };
		4BFD47271DB5BA3D00F6D08E /* ViewController.swift in Sources */ = {isa = PBXBuildFile; fileRef = 4BFD47261DB5BA3D00F6D08E /* ViewController.swift */; };
		4BFD472A1DB5BA3D00F6D08E /* Main.storyboard in Resources */ = {isa = PBXBuildFile; fileRef = 4BFD47281DB5BA3D00F6D08E /* Main.storyboard */; };
		4BFD472C1DB5BA3D00F6D08E /* Assets.xcassets in Resources */ = {isa = PBXBuildFile; fileRef = 4BFD472B1DB5BA3D00F6D08E /* Assets.xcassets */; };
		4BFD472F1DB5BA3D00F6D08E /* LaunchScreen.storyboard in Resources */ = {isa = PBXBuildFile; fileRef = 4BFD472D1DB5BA3D00F6D08E /* LaunchScreen.storyboard */; };
		4BFD473A1DB5BA3D00F6D08E /* WaitingAnimationTests.swift in Sources */ = {isa = PBXBuildFile; fileRef = 4BFD47391DB5BA3D00F6D08E /* WaitingAnimationTests.swift */; };
		4BFD47451DB5BA3D00F6D08E /* WaitingAnimationUITests.swift in Sources */ = {isa = PBXBuildFile; fileRef = 4BFD47441DB5BA3D00F6D08E /* WaitingAnimationUITests.swift */; };
		4BFD47531DB5BA7700F6D08E /* WaitingView.swift in Sources */ = {isa = PBXBuildFile; fileRef = 4BFD47521DB5BA7700F6D08E /* WaitingView.swift */; };
/* End PBXBuildFile section */

/* Begin PBXContainerItemProxy section */
		4BFD47361DB5BA3D00F6D08E /* PBXContainerItemProxy */ = {
			isa = PBXContainerItemProxy;
			containerPortal = 4BFD47191DB5BA3D00F6D08E /* Project object */;
			proxyType = 1;
			remoteGlobalIDString = 4BFD47201DB5BA3D00F6D08E;
			remoteInfo = WaitingAnimation;
		};
		4BFD47411DB5BA3D00F6D08E /* PBXContainerItemProxy */ = {
			isa = PBXContainerItemProxy;
			containerPortal = 4BFD47191DB5BA3D00F6D08E /* Project object */;
			proxyType = 1;
			remoteGlobalIDString = 4BFD47201DB5BA3D00F6D08E;
			remoteInfo = WaitingAnimation;
		};
/* End PBXContainerItemProxy section */

/* Begin PBXFileReference section */
		4BFD47211DB5BA3D00F6D08E /* WaitingAnimation.app */ = {isa = PBXFileReference; explicitFileType = wrapper.application; includeInIndex = 0; path = WaitingAnimation.app; sourceTree = BUILT_PRODUCTS_DIR; };
		4BFD47241DB5BA3D00F6D08E /* AppDelegate.swift */ = {isa = PBXFileReference; lastKnownFileType = sourcecode.swift; path = AppDelegate.swift; sourceTree = "<group>"; };
		4BFD47261DB5BA3D00F6D08E /* ViewController.swift */ = {isa = PBXFileReference; lastKnownFileType = sourcecode.swift; path = ViewController.swift; sourceTree = "<group>"; };
		4BFD47291DB5BA3D00F6D08E /* Base */ = {isa = PBXFileReference; lastKnownFileType = file.storyboard; name = Base; path = Base.lproj/Main.storyboard; sourceTree = "<group>"; };
		4BFD472B1DB5BA3D00F6D08E /* Assets.xcassets */ = {isa = PBXFileReference; lastKnownFileType = folder.assetcatalog; path = Assets.xcassets; sourceTree = "<group>"; };
		4BFD472E1DB5BA3D00F6D08E /* Base */ = {isa = PBXFileReference; lastKnownFileType = file.storyboard; name = Base; path = Base.lproj/LaunchScreen.storyboard; sourceTree = "<group>"; };
		4BFD47301DB5BA3D00F6D08E /* Info.plist */ = {isa = PBXFileReference; lastKnownFileType = text.plist.xml; path = Info.plist; sourceTree = "<group>"; };
		4BFD47351DB5BA3D00F6D08E /* WaitingAnimationTests.xctest */ = {isa = PBXFileReference; explicitFileType = wrapper.cfbundle; includeInIndex = 0; path = WaitingAnimationTests.xctest; sourceTree = BUILT_PRODUCTS_DIR; };
		4BFD47391DB5BA3D00F6D08E /* WaitingAnimationTests.swift */ = {isa = PBXFileReference; lastKnownFileType = sourcecode.swift; path = WaitingAnimationTests.swift; sourceTree = "<group>"; };
		4BFD473B1DB5BA3D00F6D08E /* Info.plist */ = {isa = PBXFileReference; lastKnownFileType = text.plist.xml; path = Info.plist; sourceTree = "<group>"; };
		4BFD47401DB5BA3D00F6D08E /* WaitingAnimationUITests.xctest */ = {isa = PBXFileReference; explicitFileType = wrapper.cfbundle; includeInIndex = 0; path = WaitingAnimationUITests.xctest; sourceTree = BUILT_PRODUCTS_DIR; };
		4BFD47441DB5BA3D00F6D08E /* WaitingAnimationUITests.swift */ = {isa = PBXFileReference; lastKnownFileType = sourcecode.swift; path = WaitingAnimationUITests.swift; sourceTree = "<group>"; };
		4BFD47461DB5BA3D00F6D08E /* Info.plist */ = {isa = PBXFileReference; lastKnownFileType = text.plist.xml; path = Info.plist; sourceTree = "<group>"; };
		4BFD47521DB5BA7700F6D08E /* WaitingView.swift */ = {isa = PBXFileReference; fileEncoding = 4; lastKnownFileType = sourcecode.swift; path = WaitingView.swift; sourceTree = "<group>"; };
/* End PBXFileReference section */

/* Begin PBXFrameworksBuildPhase section */
		4BFD471E1DB5BA3D00F6D08E /* Frameworks */ = {
			isa = PBXFrameworksBuildPhase;
			buildActionMask = 2147483647;
			files = (
			);
			runOnlyForDeploymentPostprocessing = 0;
		};
		4BFD47321DB5BA3D00F6D08E /* Frameworks */ = {
			isa = PBXFrameworksBuildPhase;
			buildActionMask = 2147483647;
			files = (
			);
			runOnlyForDeploymentPostprocessing = 0;
		};
		4BFD473D1DB5BA3D00F6D08E /* Frameworks */ = {
			isa = PBXFrameworksBuildPhase;
			buildActionMask = 2147483647;
			files = (
			);
			runOnlyForDeploymentPostprocessing = 0;
		};
/* End PBXFrameworksBuildPhase section */

/* Begin PBXGroup section */
		4BFD47181DB5BA3D00F6D08E = {
			isa = PBXGroup;
			children = (
				4BFD47231DB5BA3D00F6D08E /* WaitingAnimation */,
				4BFD47381DB5BA3D00F6D08E /* WaitingAnimationTests */,
				4BFD47431DB5BA3D00F6D08E /* WaitingAnimationUITests */,
				4BFD47221DB5BA3D00F6D08E /* Products */,
			);
			sourceTree = "<group>";
		};
		4BFD47221DB5BA3D00F6D08E /* Products */ = {
			isa = PBXGroup;
			children = (
				4BFD47211DB5BA3D00F6D08E /* WaitingAnimation.app */,
				4BFD47351DB5BA3D00F6D08E /* WaitingAnimationTests.xctest */,
				4BFD47401DB5BA3D00F6D08E /* WaitingAnimationUITests.xctest */,
			);
			name = Products;
			sourceTree = "<group>";
		};
		4BFD47231DB5BA3D00F6D08E /* WaitingAnimation */ = {
			isa = PBXGroup;
			children = (
				4BFD47241DB5BA3D00F6D08E /* AppDelegate.swift */,
				4BFD47261DB5BA3D00F6D08E /* ViewController.swift */,
				4BFD47521DB5BA7700F6D08E /* WaitingView.swift */,
				4BFD47281DB5BA3D00F6D08E /* Main.storyboard */,
				4BFD472B1DB5BA3D00F6D08E /* Assets.xcassets */,
				4BFD472D1DB5BA3D00F6D08E /* LaunchScreen.storyboard */,
				4BFD47301DB5BA3D00F6D08E /* Info.plist */,
			);
			path = WaitingAnimation;
			sourceTree = "<group>";
		};
		4BFD47381DB5BA3D00F6D08E /* WaitingAnimationTests */ = {
			isa = PBXGroup;
			children = (
				4BFD47391DB5BA3D00F6D08E /* WaitingAnimationTests.swift */,
				4BFD473B1DB5BA3D00F6D08E /* Info.plist */,
			);
			path = WaitingAnimationTests;
			sourceTree = "<group>";
		};
		4BFD47431DB5BA3D00F6D08E /* WaitingAnimationUITests */ = {
			isa = PBXGroup;
			children = (
				4BFD47441DB5BA3D00F6D08E /* WaitingAnimationUITests.swift */,
				4BFD47461DB5BA3D00F6D08E /* Info.plist */,
			);
			path = WaitingAnimationUITests;
			sourceTree = "<group>";
		};
/* End PBXGroup section */

/* Begin PBXNativeTarget section */
		4BFD47201DB5BA3D00F6D08E /* WaitingAnimation */ = {
			isa = PBXNativeTarget;
			buildConfigurationList = 4BFD47491DB5BA3D00F6D08E /* Build configuration list for PBXNativeTarget "WaitingAnimation" */;
			buildPhases = (
				4BFD471D1DB5BA3D00F6D08E /* Sources */,
				4BFD471E1DB5BA3D00F6D08E /* Frameworks */,
				4BFD471F1DB5BA3D00F6D08E /* Resources */,
			);
			buildRules = (
			);
			dependencies = (
			);
			name = WaitingAnimation;
			productName = WaitingAnimation;
			productReference = 4BFD47211DB5BA3D00F6D08E /* WaitingAnimation.app */;
			productType = "com.apple.product-type.application";
		};
		4BFD47341DB5BA3D00F6D08E /* WaitingAnimationTests */ = {
			isa = PBXNativeTarget;
			buildConfigurationList = 4BFD474C1DB5BA3D00F6D08E /* Build configuration list for PBXNativeTarget "WaitingAnimationTests" */;
			buildPhases = (
				4BFD47311DB5BA3D00F6D08E /* Sources */,
				4BFD47321DB5BA3D00F6D08E /* Frameworks */,
				4BFD47331DB5BA3D00F6D08E /* Resources */,
			);
			buildRules = (
			);
			dependencies = (
				4BFD47371DB5BA3D00F6D08E /* PBXTargetDependency */,
			);
			name = WaitingAnimationTests;
			productName = WaitingAnimationTests;
			productReference = 4BFD47351DB5BA3D00F6D08E /* WaitingAnimationTests.xctest */;
			productType = "com.apple.product-type.bundle.unit-test";
		};
		4BFD473F1DB5BA3D00F6D08E /* WaitingAnimationUITests */ = {
			isa = PBXNativeTarget;
			buildConfigurationList = 4BFD474F1DB5BA3D00F6D08E /* Build configuration list for PBXNativeTarget "WaitingAnimationUITests" */;
			buildPhases = (
				4BFD473C1DB5BA3D00F6D08E /* Sources */,
				4BFD473D1DB5BA3D00F6D08E /* Frameworks */,
				4BFD473E1DB5BA3D00F6D08E /* Resources */,
			);
			buildRules = (
			);
			dependencies = (
				4BFD47421DB5BA3D00F6D08E /* PBXTargetDependency */,
			);
			name = WaitingAnimationUITests;
			productName = WaitingAnimationUITests;
			productReference = 4BFD47401DB5BA3D00F6D08E /* WaitingAnimationUITests.xctest */;
			productType = "com.apple.product-type.bundle.ui-testing";
		};
/* End PBXNativeTarget section */

/* Begin PBXProject section */
		4BFD47191DB5BA3D00F6D08E /* Project object */ = {
			isa = PBXProject;
			attributes = {
				LastSwiftUpdateCheck = 0730;
				LastUpgradeCheck = 0730;
				ORGANIZATIONNAME = sherry;
				TargetAttributes = {
					4BFD47201DB5BA3D00F6D08E = {
						CreatedOnToolsVersion = 7.3;
					};
					4BFD47341DB5BA3D00F6D08E = {
						CreatedOnToolsVersion = 7.3;
						TestTargetID = 4BFD47201DB5BA3D00F6D08E;
					};
					4BFD473F1DB5BA3D00F6D08E = {
						CreatedOnToolsVersion = 7.3;
						TestTargetID = 4BFD47201DB5BA3D00F6D08E;
					};
				};
			};
			buildConfigurationList = 4BFD471C1DB5BA3D00F6D08E /* Build configuration list for PBXProject "WaitingAnimation" */;
			compatibilityVersion = "Xcode 3.2";
			developmentRegion = English;
			hasScannedForEncodings = 0;
			knownRegions = (
				en,
				Base,
			);
			mainGroup = 4BFD47181DB5BA3D00F6D08E;
			productRefGroup = 4BFD47221DB5BA3D00F6D08E /* Products */;
			projectDirPath = "";
			projectRoot = "";
			targets = (
				4BFD47201DB5BA3D00F6D08E /* WaitingAnimation */,
				4BFD47341DB5BA3D00F6D08E /* WaitingAnimationTests */,
				4BFD473F1DB5BA3D00F6D08E /* WaitingAnimationUITests */,
			);
		};
/* End PBXProject section */

/* Begin PBXResourcesBuildPhase section */
		4BFD471F1DB5BA3D00F6D08E /* Resources */ = {
			isa = PBXResourcesBuildPhase;
			buildActionMask = 2147483647;
			files = (
				4BFD472F1DB5BA3D00F6D08E /* LaunchScreen.storyboard in Resources */,
				4BFD472C1DB5BA3D00F6D08E /* Assets.xcassets in Resources */,
				4BFD472A1DB5BA3D00F6D08E /* Main.storyboard in Resources */,
			);
			runOnlyForDeploymentPostprocessing = 0;
		};
		4BFD47331DB5BA3D00F6D08E /* Resources */ = {
			isa = PBXResourcesBuildPhase;
			buildActionMask = 2147483647;
			files = (
			);
			runOnlyForDeploymentPostprocessing = 0;
		};
		4BFD473E1DB5BA3D00F6D08E /* Resources */ = {
			isa = PBXResourcesBuildPhase;
			buildActionMask = 2147483647;
			files = (
			);
			runOnlyForDeploymentPostprocessing = 0;
		};
/* End PBXResourcesBuildPhase section */

/* Begin PBXSourcesBuildPhase section */
		4BFD471D1DB5BA3D00F6D08E /* Sources */ = {
			isa = PBXSourcesBuildPhase;
			buildActionMask = 2147483647;
			files = (
				4BFD47271DB5BA3D00F6D08E /* ViewController.swift in Sources */,
				4BFD47251DB5BA3D00F6D08E /* AppDelegate.swift in Sources */,
				4BFD47531DB5BA7700F6D08E /* WaitingView.swift in Sources */,
			);
			runOnlyForDeploymentPostprocessing = 0;
		};
		4BFD47311DB5BA3D00F6D08E /* Sources */ = {
			isa = PBXSourcesBuildPhase;
			buildActionMask = 2147483647;
			files = (
				4BFD473A1DB5BA3D00F6D08E /* WaitingAnimationTests.swift in Sources */,
			);
			runOnlyForDeploymentPostprocessing = 0;
		};
		4BFD473C1DB5BA3D00F6D08E /* Sources */ = {
			isa = PBXSourcesBuildPhase;
			buildActionMask = 2147483647;
			files = (
				4BFD47451DB5BA3D00F6D08E /* WaitingAnimationUITests.swift in Sources */,
			);
			runOnlyForDeploymentPostprocessing = 0;
		};
/* End PBXSourcesBuildPhase section */

/* Begin PBXTargetDependency section */
		4BFD47371DB5BA3D00F6D08E /* PBXTargetDependency */ = {
			isa = PBXTargetDependency;
			target = 4BFD47201DB5BA3D00F6D08E /* WaitingAnimation */;
			targetProxy = 4BFD47361DB5BA3D00F6D08E /* PBXContainerItemProxy */;
		};
		4BFD47421DB5BA3D00F6D08E /* PBXTargetDependency */ = {
			isa = PBXTargetDependency;
			target = 4BFD47201DB5BA3D00F6D08E /* WaitingAnimation */;
			targetProxy = 4BFD47411DB5BA3D00F6D08E /* PBXContainerItemProxy */;
		};
/* End PBXTargetDependency section */

/* Begin PBXVariantGroup section */
		4BFD47281DB5BA3D00F6D08E /* Main.storyboard */ = {
			isa = PBXVariantGroup;
			children = (
				4BFD47291DB5BA3D00F6D08E /* Base */,
			);
			name = Main.storyboard;
			sourceTree = "<group>";
		};
		4BFD472D1DB5BA3D00F6D08E /* LaunchScreen.storyboard */ = {
			isa = PBXVariantGroup;
			children = (
				4BFD472E1DB5BA3D00F6D08E /* Base */,
			);
			name = LaunchScreen.storyboard;
			sourceTree = "<group>";
		};
/* End PBXVariantGroup section */

/* Begin XCBuildConfiguration section */
		4BFD47471DB5BA3D00F6D08E /* Debug */ = {
			isa = XCBuildConfiguration;
			buildSettings = {
				ALWAYS_SEARCH_USER_PATHS = NO;
				CLANG_ANALYZER_NONNULL = YES;
				CLANG_CXX_LANGUAGE_STANDARD = "gnu++0x";
				CLANG_CXX_LIBRARY = "libc++";
				CLANG_ENABLE_MODULES = YES;
				CLANG_ENABLE_OBJC_ARC = YES;
				CLANG_WARN_BOOL_CONVERSION = YES;
				CLANG_WARN_CONSTANT_CONVERSION = YES;
				CLANG_WARN_DIRECT_OBJC_ISA_USAGE = YES_ERROR;
				CLANG_WARN_EMPTY_BODY = YES;
				CLANG_WARN_ENUM_CONVERSION = YES;
				CLANG_WARN_INT_CONVERSION = YES;
				CLANG_WARN_OBJC_ROOT_CLASS = YES_ERROR;
				CLANG_WARN_UNREACHABLE_CODE = YES;
				CLANG_WARN__DUPLICATE_METHOD_MATCH = YES;
				"CODE_SIGN_IDENTITY[sdk=iphoneos*]" = "iPhone Developer";
				COPY_PHASE_STRIP = NO;
				DEBUG_INFORMATION_FORMAT = dwarf;
				ENABLE_STRICT_OBJC_MSGSEND = YES;
				ENABLE_TESTABILITY = YES;
				GCC_C_LANGUAGE_STANDARD = gnu99;
				GCC_DYNAMIC_NO_PIC = NO;
				GCC_NO_COMMON_BLOCKS = YES;
				GCC_OPTIMIZATION_LEVEL = 0;
				GCC_PREPROCESSOR_DEFINITIONS = (
					"DEBUG=1",
					"$(inherited)",
				);
				GCC_WARN_64_TO_32_BIT_CONVERSION = YES;
				GCC_WARN_ABOUT_RETURN_TYPE = YES_ERROR;
				GCC_WARN_UNDECLARED_SELECTOR = YES;
				GCC_WARN_UNINITIALIZED_AUTOS = YES_AGGRESSIVE;
				GCC_WARN_UNUSED_FUNCTION = YES;
				GCC_WARN_UNUSED_VARIABLE = YES;
				IPHONEOS_DEPLOYMENT_TARGET = 9.3;
				MTL_ENABLE_DEBUG_INFO = YES;
				ONLY_ACTIVE_ARCH = YES;
				SDKROOT = iphoneos;
				SWIFT_OPTIMIZATION_LEVEL = "-Onone";
			};
			name = Debug;
		};
		4BFD47481DB5BA3D00F6D08E /* Release */ = {
			isa = XCBuildConfiguration;
			buildSettings = {
				ALWAYS_SEARCH_USER_PATHS = NO;
				CLANG_ANALYZER_NONNULL = YES;
				CLANG_CXX_LANGUAGE_STANDARD = "gnu++0x";
				CLANG_CXX_LIBRARY = "libc++";
				CLANG_ENABLE_MODULES = YES;
				CLANG_ENABLE_OBJC_ARC = YES;
				CLANG_WARN_BOOL_CONVERSION = YES;
				CLANG_WARN_CONSTANT_CONVERSION = YES;
				CLANG_WARN_DIRECT_OBJC_ISA_USAGE = YES_ERROR;
				CLANG_WARN_EMPTY_BODY = YES;
				CLANG_WARN_ENUM_CONVERSION = YES;
				CLANG_WARN_INT_CONVERSION = YES;
				CLANG_WARN_OBJC_ROOT_CLASS = YES_ERROR;
				CLANG_WARN_UNREACHABLE_CODE = YES;
				CLANG_WARN__DUPLICATE_METHOD_MATCH = YES;
				"CODE_SIGN_IDENTITY[sdk=iphoneos*]" = "iPhone Developer";
				COPY_PHASE_STRIP = NO;
				DEBUG_INFORMATION_FORMAT = "dwarf-with-dsym";
				ENABLE_NS_ASSERTIONS = NO;
				ENABLE_STRICT_OBJC_MSGSEND = YES;
				GCC_C_LANGUAGE_STANDARD = gnu99;
				GCC_NO_COMMON_BLOCKS = YES;
				GCC_WARN_64_TO_32_BIT_CONVERSION = YES;
				GCC_WARN_ABOUT_RETURN_TYPE = YES_ERROR;
				GCC_WARN_UNDECLARED_SELECTOR = YES;
				GCC_WARN_UNINITIALIZED_AUTOS = YES_AGGRESSIVE;
				GCC_WARN_UNUSED_FUNCTION = YES;
				GCC_WARN_UNUSED_VARIABLE = YES;
				IPHONEOS_DEPLOYMENT_TARGET = 9.3;
				MTL_ENABLE_DEBUG_INFO = NO;
				SDKROOT = iphoneos;
				VALIDATE_PRODUCT = YES;
			};
			name = Release;
		};
		4BFD474A1DB5BA3D00F6D08E /* Debug */ = {
			isa = XCBuildConfiguration;
			buildSettings = {
				ASSETCATALOG_COMPILER_APPICON_NAME = AppIcon;
				INFOPLIST_FILE = WaitingAnimation/Info.plist;
				LD_RUNPATH_SEARCH_PATHS = "$(inherited) @executable_path/Frameworks";
				PRODUCT_BUNDLE_IDENTIFIER = com.oci.ios.WaitingAnimation;
				PRODUCT_NAME = "$(TARGET_NAME)";
			};
			name = Debug;
		};
		4BFD474B1DB5BA3D00F6D08E /* Release */ = {
			isa = XCBuildConfiguration;
			buildSettings = {
				ASSETCATALOG_COMPILER_APPICON_NAME = AppIcon;
				INFOPLIST_FILE = WaitingAnimation/Info.plist;
				LD_RUNPATH_SEARCH_PATHS = "$(inherited) @executable_path/Frameworks";
				PRODUCT_BUNDLE_IDENTIFIER = com.oci.ios.WaitingAnimation;
				PRODUCT_NAME = "$(TARGET_NAME)";
			};
			name = Release;
		};
		4BFD474D1DB5BA3D00F6D08E /* Debug */ = {
			isa = XCBuildConfiguration;
			buildSettings = {
				BUNDLE_LOADER = "$(TEST_HOST)";
				INFOPLIST_FILE = WaitingAnimationTests/Info.plist;
				LD_RUNPATH_SEARCH_PATHS = "$(inherited) @executable_path/Frameworks @loader_path/Frameworks";
				PRODUCT_BUNDLE_IDENTIFIER = com.oci.ios.WaitingAnimationTests;
				PRODUCT_NAME = "$(TARGET_NAME)";
				TEST_HOST = "$(BUILT_PRODUCTS_DIR)/WaitingAnimation.app/WaitingAnimation";
			};
			name = Debug;
		};
		4BFD474E1DB5BA3D00F6D08E /* Release */ = {
			isa = XCBuildConfiguration;
			buildSettings = {
				BUNDLE_LOADER = "$(TEST_HOST)";
				INFOPLIST_FILE = WaitingAnimationTests/Info.plist;
				LD_RUNPATH_SEARCH_PATHS = "$(inherited) @executable_path/Frameworks @loader_path/Frameworks";
				PRODUCT_BUNDLE_IDENTIFIER = com.oci.ios.WaitingAnimationTests;
				PRODUCT_NAME = "$(TARGET_NAME)";
				TEST_HOST = "$(BUILT_PRODUCTS_DIR)/WaitingAnimation.app/WaitingAnimation";
			};
			name = Release;
		};
		4BFD47501DB5BA3D00F6D08E /* Debug */ = {
			isa = XCBuildConfiguration;
			buildSettings = {
				INFOPLIST_FILE = WaitingAnimationUITests/Info.plist;
				LD_RUNPATH_SEARCH_PATHS = "$(inherited) @executable_path/Frameworks @loader_path/Frameworks";
				PRODUCT_BUNDLE_IDENTIFIER = com.oci.ios.WaitingAnimationUITests;
				PRODUCT_NAME = "$(TARGET_NAME)";
				TEST_TARGET_NAME = WaitingAnimation;
			};
			name = Debug;
		};
		4BFD47511DB5BA3D00F6D08E /* Release */ = {
			isa = XCBuildConfiguration;
			buildSettings = {
				INFOPLIST_FILE = WaitingAnimationUITests/Info.plist;
				LD_RUNPATH_SEARCH_PATHS = "$(inherited) @executable_path/Frameworks @loader_path/Frameworks";
				PRODUCT_BUNDLE_IDENTIFIER = com.oci.ios.WaitingAnimationUITests;
				PRODUCT_NAME = "$(TARGET_NAME)";
				TEST_TARGET_NAME = WaitingAnimation;
			};
			name = Release;
		};
/* End XCBuildConfiguration section */

/* Begin XCConfigurationList section */
		4BFD471C1DB5BA3D00F6D08E /* Build configuration list for PBXProject "WaitingAnimation" */ = {
			isa = XCConfigurationList;
			buildConfigurations = (
				4BFD47471DB5BA3D00F6D08E /* Debug */,
				4BFD47481DB5BA3D00F6D08E /* Release */,
			);
			defaultConfigurationIsVisible = 0;
			defaultConfigurationName = Release;
		};
		4BFD47491DB5BA3D00F6D08E /* Build configuration list for PBXNativeTarget "WaitingAnimation" */ = {
			isa = XCConfigurationList;
			buildConfigurations = (
				4BFD474A1DB5BA3D00F6D08E /* Debug */,
				4BFD474B1DB5BA3D00F6D08E /* Release */,
			);
			defaultConfigurationIsVisible = 0;
		};
		4BFD474C1DB5BA3D00F6D08E /* Build configuration list for PBXNativeTarget "WaitingAnimationTests" */ = {
			isa = XCConfigurationList;
			buildConfigurations = (
				4BFD474D1DB5BA3D00F6D08E /* Debug */,
				4BFD474E1DB5BA3D00F6D08E /* Release */,
			);
			defaultConfigurationIsVisible = 0;
		};
		4BFD474F1DB5BA3D00F6D08E /* Build configuration list for PBXNativeTarget "WaitingAnimationUITests" */ = {
			isa = XCConfigurationList;
			buildConfigurations = (
				4BFD47501DB5BA3D00F6D08E /* Debug */,
				4BFD47511DB5BA3D00F6D08E /* Release */,
			);
			defaultConfigurationIsVisible = 0;
		};
/* End XCConfigurationList section */
	};
	rootObject = 4BFD47191DB5BA3D00F6D08E /* Project object */;
}
